// !$*UTF8*$!
{
	archiveVersion = 1;
	classes = {
	};
	objectVersion = 50;
	objects = {

/* Begin PBXBuildFile section */
		CC169EE920DB75050077D48A /* test.txt in Resources */ = {isa = PBXBuildFile; fileRef = CC169EE820DB75050077D48A /* test.txt */; };
		CC2F1DE320C12920005BD750 /* AppDelegate.swift in Sources */ = {isa = PBXBuildFile; fileRef = CC2F1DE220C12920005BD750 /* AppDelegate.swift */; };
		CC2F1DE520C12921005BD750 /* ViewController.swift in Sources */ = {isa = PBXBuildFile; fileRef = CC2F1DE420C12921005BD750 /* ViewController.swift */; };
		CC2F1DE820C12921005BD750 /* Main.storyboard in Resources */ = {isa = PBXBuildFile; fileRef = CC2F1DE620C12921005BD750 /* Main.storyboard */; };
		CC2F1DEA20C12923005BD750 /* Assets.xcassets in Resources */ = {isa = PBXBuildFile; fileRef = CC2F1DE920C12923005BD750 /* Assets.xcassets */; };
		CC2F1DF620C1294D005BD750 /* FileLineReader.swift in Sources */ = {isa = PBXBuildFile; fileRef = CC2F1DF520C1294D005BD750 /* FileLineReader.swift */; };
		CC2F1DFA20C12B99005BD750 /* BigFile.txt in Resources */ = {isa = PBXBuildFile; fileRef = CC2F1DF920C12B99005BD750 /* BigFile.txt */; };
		CC32C4E121C8CD7500C53F6F /* RollingTitleView.swift in Sources */ = {isa = PBXBuildFile; fileRef = CC32C4E021C8CD7500C53F6F /* RollingTitleView.swift */; };
		CC32C4E321C8CD9E00C53F6F /* WheelViewController.swift in Sources */ = {isa = PBXBuildFile; fileRef = CC32C4E221C8CD9E00C53F6F /* WheelViewController.swift */; };
		CC55885721A50FC30011D099 /* DynamicCellViewController.swift in Sources */ = {isa = PBXBuildFile; fileRef = CC55885621A50FC30011D099 /* DynamicCellViewController.swift */; };
		CC55885921A511560011D099 /* DynamicCollectionViewCell.swift in Sources */ = {isa = PBXBuildFile; fileRef = CC55885821A511550011D099 /* DynamicCollectionViewCell.swift */; };
		CC55885B21A537FA0011D099 /* DyCollectionCellProgramingVC.swift in Sources */ = {isa = PBXBuildFile; fileRef = CC55885A21A537FA0011D099 /* DyCollectionCellProgramingVC.swift */; };
		CCA7AEB8215DDC6E00BE323B /* Appversion.swift in Sources */ = {isa = PBXBuildFile; fileRef = CCA7AEB7215DDC6E00BE323B /* Appversion.swift */; };
		CCDA98FB211346430093EABD /* ImageTransparent.swift in Sources */ = {isa = PBXBuildFile; fileRef = CCDA98FA211346430093EABD /* ImageTransparent.swift */; };
		CCE0F0EF20EF7BA100BF2641 /* RemoveDup.swift in Sources */ = {isa = PBXBuildFile; fileRef = CCE0F0EE20EF7BA100BF2641 /* RemoveDup.swift */; };
/* End PBXBuildFile section */

/* Begin PBXFileReference section */
		CC169EE820DB75050077D48A /* test.txt */ = {isa = PBXFileReference; lastKnownFileType = text; path = test.txt; sourceTree = "<group>"; };
		CC2F1DDF20C12920005BD750 /* BestPractise.app */ = {isa = PBXFileReference; explicitFileType = wrapper.application; includeInIndex = 0; path = BestPractise.app; sourceTree = BUILT_PRODUCTS_DIR; };
		CC2F1DE220C12920005BD750 /* AppDelegate.swift */ = {isa = PBXFileReference; lastKnownFileType = sourcecode.swift; path = AppDelegate.swift; sourceTree = "<group>"; };
		CC2F1DE420C12921005BD750 /* ViewController.swift */ = {isa = PBXFileReference; lastKnownFileType = sourcecode.swift; path = ViewController.swift; sourceTree = "<group>"; };
		CC2F1DE720C12921005BD750 /* Base */ = {isa = PBXFileReference; lastKnownFileType = file.storyboard; name = Base; path = Base.lproj/Main.storyboard; sourceTree = "<group>"; };
		CC2F1DE920C12923005BD750 /* Assets.xcassets */ = {isa = PBXFileReference; lastKnownFileType = folder.assetcatalog; path = Assets.xcassets; sourceTree = "<group>"; };
		CC2F1DEE20C12923005BD750 /* Info.plist */ = {isa = PBXFileReference; lastKnownFileType = text.plist.xml; path = Info.plist; sourceTree = "<group>"; };
		CC2F1DF520C1294D005BD750 /* FileLineReader.swift */ = {isa = PBXFileReference; fileEncoding = 4; lastKnownFileType = sourcecode.swift; path = FileLineReader.swift; sourceTree = "<group>"; };
		CC2F1DF920C12B99005BD750 /* BigFile.txt */ = {isa = PBXFileReference; fileEncoding = 4; lastKnownFileType = text; path = BigFile.txt; sourceTree = "<group>"; };
		CC32C4E021C8CD7500C53F6F /* RollingTitleView.swift */ = {isa = PBXFileReference; fileEncoding = 4; lastKnownFileType = sourcecode.swift; path = RollingTitleView.swift; sourceTree = "<group>"; };
		CC32C4E221C8CD9E00C53F6F /* WheelViewController.swift */ = {isa = PBXFileReference; lastKnownFileType = sourcecode.swift; path = WheelViewController.swift; sourceTree = "<group>"; };
		CC55885621A50FC30011D099 /* DynamicCellViewController.swift */ = {isa = PBXFileReference; lastKnownFileType = sourcecode.swift; path = DynamicCellViewController.swift; sourceTree = "<group>"; };
		CC55885821A511550011D099 /* DynamicCollectionViewCell.swift */ = {isa = PBXFileReference; lastKnownFileType = sourcecode.swift; path = DynamicCollectionViewCell.swift; sourceTree = "<group>"; };
		CC55885A21A537FA0011D099 /* DyCollectionCellProgramingVC.swift */ = {isa = PBXFileReference; lastKnownFileType = sourcecode.swift; path = DyCollectionCellProgramingVC.swift; sourceTree = "<group>"; };
		CCA7AEB7215DDC6E00BE323B /* Appversion.swift */ = {isa = PBXFileReference; lastKnownFileType = sourcecode.swift; path = Appversion.swift; sourceTree = "<group>"; };
		CCDA98FA211346430093EABD /* ImageTransparent.swift */ = {isa = PBXFileReference; fileEncoding = 4; lastKnownFileType = sourcecode.swift; path = ImageTransparent.swift; sourceTree = "<group>"; };
		CCE0F0EE20EF7BA100BF2641 /* RemoveDup.swift */ = {isa = PBXFileReference; fileEncoding = 4; lastKnownFileType = sourcecode.swift; path = RemoveDup.swift; sourceTree = "<group>"; };
/* End PBXFileReference section */

/* Begin PBXFrameworksBuildPhase section */
		CC2F1DDC20C12920005BD750 /* Frameworks */ = {
			isa = PBXFrameworksBuildPhase;
			buildActionMask = 2147483647;
			files = (
			);
			runOnlyForDeploymentPostprocessing = 0;
		};
/* End PBXFrameworksBuildPhase section */

/* Begin PBXGroup section */
		CC2F1DD620C12920005BD750 = {
			isa = PBXGroup;
			children = (
				CC2F1DE120C12920005BD750 /* BestPractise */,
				CC2F1DE020C12920005BD750 /* Products */,
			);
			sourceTree = "<group>";
		};
		CC2F1DE020C12920005BD750 /* Products */ = {
			isa = PBXGroup;
			children = (
				CC2F1DDF20C12920005BD750 /* BestPractise.app */,
			);
			name = Products;
			sourceTree = "<group>";
		};
		CC2F1DE120C12920005BD750 /* BestPractise */ = {
			isa = PBXGroup;
			children = (
				CC32C4DF21C8CD1000C53F6F /* Wheels */,
				CC55885521A50A270011D099 /* DynamicCollectionViewCell */,
				CC55885421A50A090011D099 /* AppVersion */,
				CCDA98F92113461C0093EABD /* ImageProcessing */,
				CC2F1DF420C12929005BD750 /* FileLineReader */,
				CC2F1DE220C12920005BD750 /* AppDelegate.swift */,
				CC2F1DE420C12921005BD750 /* ViewController.swift */,
				CC2F1DE620C12921005BD750 /* Main.storyboard */,
				CC2F1DE920C12923005BD750 /* Assets.xcassets */,
				CC2F1DEE20C12923005BD750 /* Info.plist */,
			);
			path = BestPractise;
			sourceTree = "<group>";
		};
		CC2F1DF420C12929005BD750 /* FileLineReader */ = {
			isa = PBXGroup;
			children = (
				CC2F1DF920C12B99005BD750 /* BigFile.txt */,
				CCE0F0EE20EF7BA100BF2641 /* RemoveDup.swift */,
				CC2F1DF520C1294D005BD750 /* FileLineReader.swift */,
				CC169EE820DB75050077D48A /* test.txt */,
			);
			path = FileLineReader;
			sourceTree = "<group>";
		};
		CC32C4DF21C8CD1000C53F6F /* Wheels */ = {
			isa = PBXGroup;
			children = (
				CC32C4E021C8CD7500C53F6F /* RollingTitleView.swift */,
				CC32C4E221C8CD9E00C53F6F /* WheelViewController.swift */,
			);
			path = Wheels;
			sourceTree = "<group>";
		};
		CC55885421A50A090011D099 /* AppVersion */ = {
			isa = PBXGroup;
			children = (
				CCA7AEB7215DDC6E00BE323B /* Appversion.swift */,
			);
			path = AppVersion;
			sourceTree = "<group>";
		};
		CC55885521A50A270011D099 /* DynamicCollectionViewCell */ = {
			isa = PBXGroup;
			children = (
				CC55885621A50FC30011D099 /* DynamicCellViewController.swift */,
				CC55885821A511550011D099 /* DynamicCollectionViewCell.swift */,
				CC55885A21A537FA0011D099 /* DyCollectionCellProgramingVC.swift */,
			);
			path = DynamicCollectionViewCell;
			sourceTree = "<group>";
		};
		CCDA98F92113461C0093EABD /* ImageProcessing */ = {
			isa = PBXGroup;
			children = (
				CCDA98FA211346430093EABD /* ImageTransparent.swift */,
			);
			path = ImageProcessing;
			sourceTree = "<group>";
		};
/* End PBXGroup section */

/* Begin PBXNativeTarget section */
		CC2F1DDE20C12920005BD750 /* BestPractise */ = {
			isa = PBXNativeTarget;
			buildConfigurationList = CC2F1DF120C12923005BD750 /* Build configuration list for PBXNativeTarget "BestPractise" */;
			buildPhases = (
				CC2F1DDB20C12920005BD750 /* Sources */,
				CC2F1DDC20C12920005BD750 /* Frameworks */,
				CC2F1DDD20C12920005BD750 /* Resources */,
			);
			buildRules = (
			);
			dependencies = (
			);
			name = BestPractise;
			productName = BestPractise;
			productReference = CC2F1DDF20C12920005BD750 /* BestPractise.app */;
			productType = "com.apple.product-type.application";
		};
/* End PBXNativeTarget section */

/* Begin PBXProject section */
		CC2F1DD720C12920005BD750 /* Project object */ = {
			isa = PBXProject;
			attributes = {
				LastSwiftUpdateCheck = 0930;
				LastUpgradeCheck = 0930;
				ORGANIZATIONNAME = Songgeb;
				TargetAttributes = {
					CC2F1DDE20C12920005BD750 = {
						CreatedOnToolsVersion = 9.3;
						LastSwiftMigration = 1010;
					};
				};
			};
			buildConfigurationList = CC2F1DDA20C12920005BD750 /* Build configuration list for PBXProject "BestPractise" */;
			compatibilityVersion = "Xcode 9.3";
			developmentRegion = en;
			hasScannedForEncodings = 0;
			knownRegions = (
				en,
				Base,
			);
			mainGroup = CC2F1DD620C12920005BD750;
			productRefGroup = CC2F1DE020C12920005BD750 /* Products */;
			projectDirPath = "";
			projectRoot = "";
			targets = (
				CC2F1DDE20C12920005BD750 /* BestPractise */,
			);
		};
/* End PBXProject section */

/* Begin PBXResourcesBuildPhase section */
		CC2F1DDD20C12920005BD750 /* Resources */ = {
			isa = PBXResourcesBuildPhase;
			buildActionMask = 2147483647;
			files = (
				CC2F1DEA20C12923005BD750 /* Assets.xcassets in Resources */,
				CC2F1DE820C12921005BD750 /* Main.storyboard in Resources */,
				CC2F1DFA20C12B99005BD750 /* BigFile.txt in Resources */,
				CC169EE920DB75050077D48A /* test.txt in Resources */,
			);
			runOnlyForDeploymentPostprocessing = 0;
		};
/* End PBXResourcesBuildPhase section */

/* Begin PBXSourcesBuildPhase section */
		CC2F1DDB20C12920005BD750 /* Sources */ = {
			isa = PBXSourcesBuildPhase;
			buildActionMask = 2147483647;
			files = (
				CC2F1DF620C1294D005BD750 /* FileLineReader.swift in Sources */,
				CCE0F0EF20EF7BA100BF2641 /* RemoveDup.swift in Sources */,
				CCA7AEB8215DDC6E00BE323B /* Appversion.swift in Sources */,
				CC55885721A50FC30011D099 /* DynamicCellViewController.swift in Sources */,
				CCDA98FB211346430093EABD /* ImageTransparent.swift in Sources */,
				CC2F1DE520C12921005BD750 /* ViewController.swift in Sources */,
				CC55885B21A537FA0011D099 /* DyCollectionCellProgramingVC.swift in Sources */,
				CC55885921A511560011D099 /* DynamicCollectionViewCell.swift in Sources */,
				CC32C4E121C8CD7500C53F6F /* RollingTitleView.swift in Sources */,
				CC32C4E321C8CD9E00C53F6F /* WheelViewController.swift in Sources */,
				CC2F1DE320C12920005BD750 /* AppDelegate.swift in Sources */,
			);
			runOnlyForDeploymentPostprocessing = 0;
		};
/* End PBXSourcesBuildPhase section */

/* Begin PBXVariantGroup section */
		CC2F1DE620C12921005BD750 /* Main.storyboard */ = {
			isa = PBXVariantGroup;
			children = (
				CC2F1DE720C12921005BD750 /* Base */,
			);
			name = Main.storyboard;
			sourceTree = "<group>";
		};
/* End PBXVariantGroup section */

/* Begin XCBuildConfiguration section */
		CC2F1DEF20C12923005BD750 /* Debug */ = {
			isa = XCBuildConfiguration;
			buildSettings = {
				ALWAYS_SEARCH_USER_PATHS = NO;
				CLANG_ANALYZER_NONNULL = YES;
				CLANG_ANALYZER_NUMBER_OBJECT_CONVERSION = YES_AGGRESSIVE;
				CLANG_CXX_LANGUAGE_STANDARD = "gnu++14";
				CLANG_CXX_LIBRARY = "libc++";
				CLANG_ENABLE_MODULES = YES;
				CLANG_ENABLE_OBJC_ARC = YES;
				CLANG_ENABLE_OBJC_WEAK = YES;
				CLANG_WARN_BLOCK_CAPTURE_AUTORELEASING = YES;
				CLANG_WARN_BOOL_CONVERSION = YES;
				CLANG_WARN_COMMA = YES;
				CLANG_WARN_CONSTANT_CONVERSION = YES;
				CLANG_WARN_DEPRECATED_OBJC_IMPLEMENTATIONS = YES;
				CLANG_WARN_DIRECT_OBJC_ISA_USAGE = YES_ERROR;
				CLANG_WARN_DOCUMENTATION_COMMENTS = YES;
				CLANG_WARN_EMPTY_BODY = YES;
				CLANG_WARN_ENUM_CONVERSION = YES;
				CLANG_WARN_INFINITE_RECURSION = YES;
				CLANG_WARN_INT_CONVERSION = YES;
				CLANG_WARN_NON_LITERAL_NULL_CONVERSION = YES;
				CLANG_WARN_OBJC_IMPLICIT_RETAIN_SELF = YES;
				CLANG_WARN_OBJC_LITERAL_CONVERSION = YES;
				CLANG_WARN_OBJC_ROOT_CLASS = YES_ERROR;
				CLANG_WARN_RANGE_LOOP_ANALYSIS = YES;
				CLANG_WARN_STRICT_PROTOTYPES = YES;
				CLANG_WARN_SUSPICIOUS_MOVE = YES;
				CLANG_WARN_UNGUARDED_AVAILABILITY = YES_AGGRESSIVE;
				CLANG_WARN_UNREACHABLE_CODE = YES;
				CLANG_WARN__DUPLICATE_METHOD_MATCH = YES;
				CODE_SIGN_IDENTITY = "iPhone Developer";
				COPY_PHASE_STRIP = NO;
				DEBUG_INFORMATION_FORMAT = dwarf;
				ENABLE_STRICT_OBJC_MSGSEND = YES;
				ENABLE_TESTABILITY = YES;
				GCC_C_LANGUAGE_STANDARD = gnu11;
				GCC_DYNAMIC_NO_PIC = NO;
				GCC_NO_COMMON_BLOCKS = YES;
				GCC_OPTIMIZATION_LEVEL = 0;
				GCC_PREPROCESSOR_DEFINITIONS = (
					"DEBUG=1",
					"$(inherited)",
				);
				GCC_WARN_64_TO_32_BIT_CONVERSION = YES;
				GCC_WARN_ABOUT_RETURN_TYPE = YES_ERROR;
				GCC_WARN_UNDECLARED_SELECTOR = YES;
				GCC_WARN_UNINITIALIZED_AUTOS = YES_AGGRESSIVE;
				GCC_WARN_UNUSED_FUNCTION = YES;
				GCC_WARN_UNUSED_VARIABLE = YES;
				IPHONEOS_DEPLOYMENT_TARGET = 11.3;
				MTL_ENABLE_DEBUG_INFO = YES;
				ONLY_ACTIVE_ARCH = YES;
				SDKROOT = iphoneos;
				SWIFT_ACTIVE_COMPILATION_CONDITIONS = DEBUG;
				SWIFT_OPTIMIZATION_LEVEL = "-Onone";
			};
			name = Debug;
		};
		CC2F1DF020C12923005BD750 /* Release */ = {
			isa = XCBuildConfiguration;
			buildSettings = {
				ALWAYS_SEARCH_USER_PATHS = NO;
				CLANG_ANALYZER_NONNULL = YES;
				CLANG_ANALYZER_NUMBER_OBJECT_CONVERSION = YES_AGGRESSIVE;
				CLANG_CXX_LANGUAGE_STANDARD = "gnu++14";
				CLANG_CXX_LIBRARY = "libc++";
				CLANG_ENABLE_MODULES = YES;
				CLANG_ENABLE_OBJC_ARC = YES;
				CLANG_ENABLE_OBJC_WEAK = YES;
				CLANG_WARN_BLOCK_CAPTURE_AUTORELEASING = YES;
				CLANG_WARN_BOOL_CONVERSION = YES;
				CLANG_WARN_COMMA = YES;
				CLANG_WARN_CONSTANT_CONVERSION = YES;
				CLANG_WARN_DEPRECATED_OBJC_IMPLEMENTATIONS = YES;
				CLANG_WARN_DIRECT_OBJC_ISA_USAGE = YES_ERROR;
				CLANG_WARN_DOCUMENTATION_COMMENTS = YES;
				CLANG_WARN_EMPTY_BODY = YES;
				CLANG_WARN_ENUM_CONVERSION = YES;
				CLANG_WARN_INFINITE_RECURSION = YES;
				CLANG_WARN_INT_CONVERSION = YES;
				CLANG_WARN_NON_LITERAL_NULL_CONVERSION = YES;
				CLANG_WARN_OBJC_IMPLICIT_RETAIN_SELF = YES;
				CLANG_WARN_OBJC_LITERAL_CONVERSION = YES;
				CLANG_WARN_OBJC_ROOT_CLASS = YES_ERROR;
				CLANG_WARN_RANGE_LOOP_ANALYSIS = YES;
				CLANG_WARN_STRICT_PROTOTYPES = YES;
				CLANG_WARN_SUSPICIOUS_MOVE = YES;
				CLANG_WARN_UNGUARDED_AVAILABILITY = YES_AGGRESSIVE;
				CLANG_WARN_UNREACHABLE_CODE = YES;
				CLANG_WARN__DUPLICATE_METHOD_MATCH = YES;
				CODE_SIGN_IDENTITY = "iPhone Developer";
				COPY_PHASE_STRIP = NO;
				DEBUG_INFORMATION_FORMAT = "dwarf-with-dsym";
				ENABLE_NS_ASSERTIONS = NO;
				ENABLE_STRICT_OBJC_MSGSEND = YES;
				GCC_C_LANGUAGE_STANDARD = gnu11;
				GCC_NO_COMMON_BLOCKS = YES;
				GCC_WARN_64_TO_32_BIT_CONVERSION = YES;
				GCC_WARN_ABOUT_RETURN_TYPE = YES_ERROR;
				GCC_WARN_UNDECLARED_SELECTOR = YES;
				GCC_WARN_UNINITIALIZED_AUTOS = YES_AGGRESSIVE;
				GCC_WARN_UNUSED_FUNCTION = YES;
				GCC_WARN_UNUSED_VARIABLE = YES;
				IPHONEOS_DEPLOYMENT_TARGET = 11.3;
				MTL_ENABLE_DEBUG_INFO = NO;
				SDKROOT = iphoneos;
				SWIFT_COMPILATION_MODE = wholemodule;
				SWIFT_OPTIMIZATION_LEVEL = "-O";
				VALIDATE_PRODUCT = YES;
			};
			name = Release;
		};
		CC2F1DF220C12923005BD750 /* Debug */ = {
			isa = XCBuildConfiguration;
			buildSettings = {
				ASSETCATALOG_COMPILER_APPICON_NAME = AppIcon;
				CODE_SIGN_STYLE = Automatic;
				INFOPLIST_FILE = BestPractise/Info.plist;
				IPHONEOS_DEPLOYMENT_TARGET = 9.0;
				LD_RUNPATH_SEARCH_PATHS = (
					"$(inherited)",
					"@executable_path/Frameworks",
				);
				PRODUCT_BUNDLE_IDENTIFIER = com.songgeb.bestpractise.BestPractise;
				PRODUCT_NAME = "$(TARGET_NAME)";
				SWIFT_VERSION = 4.2;
				TARGETED_DEVICE_FAMILY = 1;
			};
			name = Debug;
		};
		CC2F1DF320C12923005BD750 /* Release */ = {
			isa = XCBuildConfiguration;
			buildSettings = {
				ASSETCATALOG_COMPILER_APPICON_NAME = AppIcon;
				CODE_SIGN_STYLE = Automatic;
				INFOPLIST_FILE = BestPractise/Info.plist;
				IPHONEOS_DEPLOYMENT_TARGET = 9.0;
				LD_RUNPATH_SEARCH_PATHS = (
					"$(inherited)",
					"@executable_path/Frameworks",
				);
				PRODUCT_BUNDLE_IDENTIFIER = com.songgeb.bestpractise.BestPractise;
				PRODUCT_NAME = "$(TARGET_NAME)";
				SWIFT_VERSION = 4.2;
				TARGETED_DEVICE_FAMILY = 1;
			};
			name = Release;
		};
/* End XCBuildConfiguration section */

/* Begin XCConfigurationList section */
		CC2F1DDA20C12920005BD750 /* Build configuration list for PBXProject "BestPractise" */ = {
			isa = XCConfigurationList;
			buildConfigurations = (
				CC2F1DEF20C12923005BD750 /* Debug */,
				CC2F1DF020C12923005BD750 /* Release */,
			);
			defaultConfigurationIsVisible = 0;
			defaultConfigurationName = Release;
		};
		CC2F1DF120C12923005BD750 /* Build configuration list for PBXNativeTarget "BestPractise" */ = {
			isa = XCConfigurationList;
			buildConfigurations = (
				CC2F1DF220C12923005BD750 /* Debug */,
				CC2F1DF320C12923005BD750 /* Release */,
			);
			defaultConfigurationIsVisible = 0;
			defaultConfigurationName = Release;
		};
/* End XCConfigurationList section */
	};
	rootObject = CC2F1DD720C12920005BD750 /* Project object */;
}
